// !$*UTF8*$!
{
	archiveVersion = 1;
	classes = {
	};
	objectVersion = 50;
	objects = {

/* Begin PBXBuildFile section */
		119AB61D269F7A1000A976EB /* AppDelegate.swift in Sources */ = {isa = PBXBuildFile; fileRef = 119AB61C269F7A1000A976EB /* AppDelegate.swift */; };
		119AB61F269F7A1000A976EB /* SceneDelegate.swift in Sources */ = {isa = PBXBuildFile; fileRef = 119AB61E269F7A1000A976EB /* SceneDelegate.swift */; };
		119AB621269F7A1000A976EB /* ViewController.swift in Sources */ = {isa = PBXBuildFile; fileRef = 119AB620269F7A1000A976EB /* ViewController.swift */; };
		119AB624269F7A1000A976EB /* Main.storyboard in Resources */ = {isa = PBXBuildFile; fileRef = 119AB622269F7A1000A976EB /* Main.storyboard */; };
		119AB626269F7A1200A976EB /* Assets.xcassets in Resources */ = {isa = PBXBuildFile; fileRef = 119AB625269F7A1200A976EB /* Assets.xcassets */; };
		119AB629269F7A1200A976EB /* LaunchScreen.storyboard in Resources */ = {isa = PBXBuildFile; fileRef = 119AB627269F7A1200A976EB /* LaunchScreen.storyboard */; };
		119AB633269F7B1300A976EB /* BorderTextField.swift in Sources */ = {isa = PBXBuildFile; fileRef = 119AB631269F7B1300A976EB /* BorderTextField.swift */; };
		119AB635269F7C6A00A976EB /* BorderButton.swift in Sources */ = {isa = PBXBuildFile; fileRef = 119AB634269F7C6A00A976EB /* BorderButton.swift */; };
		119AB637269F7CE000A976EB /* UIViewControllerExtension.swift in Sources */ = {isa = PBXBuildFile; fileRef = 119AB636269F7CE000A976EB /* UIViewControllerExtension.swift */; };
		119AB63A269F83D300A976EB /* GetChallengeResult.swift in Sources */ = {isa = PBXBuildFile; fileRef = 119AB639269F83D300A976EB /* GetChallengeResult.swift */; };
		119AB63D269F845200A976EB /* DataLoader.swift in Sources */ = {isa = PBXBuildFile; fileRef = 119AB63C269F845200A976EB /* DataLoader.swift */; };
		119AB63F269F851E00A976EB /* Resquetable.swift in Sources */ = {isa = PBXBuildFile; fileRef = 119AB63E269F851E00A976EB /* Resquetable.swift */; };
		119AB641269F859D00A976EB /* Endpoint.swift in Sources */ = {isa = PBXBuildFile; fileRef = 119AB640269F859D00A976EB /* Endpoint.swift */; };
		119AB643269F876C00A976EB /* Services.swift in Sources */ = {isa = PBXBuildFile; fileRef = 119AB642269F876C00A976EB /* Services.swift */; };
		119AB645269F882800A976EB /* NetworkReachability.swift in Sources */ = {isa = PBXBuildFile; fileRef = 119AB644269F882800A976EB /* NetworkReachability.swift */; };
		119AB647269F8D5900A976EB /* KeyChainService.swift in Sources */ = {isa = PBXBuildFile; fileRef = 119AB646269F8D5900A976EB /* KeyChainService.swift */; };
		119AB649269F901800A976EB /* md5ViewModel.swift in Sources */ = {isa = PBXBuildFile; fileRef = 119AB648269F901800A976EB /* md5ViewModel.swift */; };
		119AB64B269F9F9B00A976EB /* LoginResponse.swift in Sources */ = {isa = PBXBuildFile; fileRef = 119AB64A269F9F9B00A976EB /* LoginResponse.swift */; };
		119AB64E269FA1F400A976EB /* ListStoryboard.storyboard in Resources */ = {isa = PBXBuildFile; fileRef = 119AB64D269FA1F400A976EB /* ListStoryboard.storyboard */; };
		119AB650269FA5A000A976EB /* ContactsTableViewCell.swift in Sources */ = {isa = PBXBuildFile; fileRef = 119AB64F269FA5A000A976EB /* ContactsTableViewCell.swift */; };
		119AB653269FA6F500A976EB /* ContactsTableViewController.swift in Sources */ = {isa = PBXBuildFile; fileRef = 119AB652269FA6F500A976EB /* ContactsTableViewController.swift */; };
		119AB655269FAC9A00A976EB /* ContacsResponse.swift in Sources */ = {isa = PBXBuildFile; fileRef = 119AB654269FAC9A00A976EB /* ContacsResponse.swift */; };
		119AB657269FB39E00A976EB /* AutenticatorManager.swift in Sources */ = {isa = PBXBuildFile; fileRef = 119AB656269FB39E00A976EB /* AutenticatorManager.swift */; };
		119AB659269FBB9700A976EB /* DateHelper.swift in Sources */ = {isa = PBXBuildFile; fileRef = 119AB658269FBB9700A976EB /* DateHelper.swift */; };
/* End PBXBuildFile section */

/* Begin PBXFileReference section */
		119AB619269F7A1000A976EB /* PruebaTecnica.app */ = {isa = PBXFileReference; explicitFileType = wrapper.application; includeInIndex = 0; path = PruebaTecnica.app; sourceTree = BUILT_PRODUCTS_DIR; };
		119AB61C269F7A1000A976EB /* AppDelegate.swift */ = {isa = PBXFileReference; lastKnownFileType = sourcecode.swift; path = AppDelegate.swift; sourceTree = "<group>"; };
		119AB61E269F7A1000A976EB /* SceneDelegate.swift */ = {isa = PBXFileReference; lastKnownFileType = sourcecode.swift; path = SceneDelegate.swift; sourceTree = "<group>"; };
		119AB620269F7A1000A976EB /* ViewController.swift */ = {isa = PBXFileReference; lastKnownFileType = sourcecode.swift; path = ViewController.swift; sourceTree = "<group>"; };
		119AB623269F7A1000A976EB /* Base */ = {isa = PBXFileReference; lastKnownFileType = file.storyboard; name = Base; path = Base.lproj/Main.storyboard; sourceTree = "<group>"; };
		119AB625269F7A1200A976EB /* Assets.xcassets */ = {isa = PBXFileReference; lastKnownFileType = folder.assetcatalog; path = Assets.xcassets; sourceTree = "<group>"; };
		119AB628269F7A1200A976EB /* Base */ = {isa = PBXFileReference; lastKnownFileType = file.storyboard; name = Base; path = Base.lproj/LaunchScreen.storyboard; sourceTree = "<group>"; };
		119AB62A269F7A1200A976EB /* Info.plist */ = {isa = PBXFileReference; lastKnownFileType = text.plist.xml; path = Info.plist; sourceTree = "<group>"; };
		119AB632269F7B1300A976EB /* Base */ = {isa = PBXFileReference; lastKnownFileType = sourcecode.swift; name = Base; path = PruebaTecnica/Base.lproj/BorderTextField.swift; sourceTree = SOURCE_ROOT; };
		119AB634269F7C6A00A976EB /* BorderButton.swift */ = {isa = PBXFileReference; lastKnownFileType = sourcecode.swift; path = BorderButton.swift; sourceTree = "<group>"; };
		119AB636269F7CE000A976EB /* UIViewControllerExtension.swift */ = {isa = PBXFileReference; lastKnownFileType = sourcecode.swift; path = UIViewControllerExtension.swift; sourceTree = "<group>"; };
		119AB639269F83D300A976EB /* GetChallengeResult.swift */ = {isa = PBXFileReference; lastKnownFileType = sourcecode.swift; path = GetChallengeResult.swift; sourceTree = "<group>"; };
		119AB63C269F845200A976EB /* DataLoader.swift */ = {isa = PBXFileReference; lastKnownFileType = sourcecode.swift; path = DataLoader.swift; sourceTree = "<group>"; };
		119AB63E269F851E00A976EB /* Resquetable.swift */ = {isa = PBXFileReference; lastKnownFileType = sourcecode.swift; path = Resquetable.swift; sourceTree = "<group>"; };
		119AB640269F859D00A976EB /* Endpoint.swift */ = {isa = PBXFileReference; lastKnownFileType = sourcecode.swift; path = Endpoint.swift; sourceTree = "<group>"; };
		119AB642269F876C00A976EB /* Services.swift */ = {isa = PBXFileReference; lastKnownFileType = sourcecode.swift; path = Services.swift; sourceTree = "<group>"; };
		119AB644269F882800A976EB /* NetworkReachability.swift */ = {isa = PBXFileReference; lastKnownFileType = sourcecode.swift; path = NetworkReachability.swift; sourceTree = "<group>"; };
		119AB646269F8D5900A976EB /* KeyChainService.swift */ = {isa = PBXFileReference; lastKnownFileType = sourcecode.swift; path = KeyChainService.swift; sourceTree = "<group>"; };
		119AB648269F901800A976EB /* md5ViewModel.swift */ = {isa = PBXFileReference; lastKnownFileType = sourcecode.swift; path = md5ViewModel.swift; sourceTree = "<group>"; };
		119AB64A269F9F9B00A976EB /* LoginResponse.swift */ = {isa = PBXFileReference; lastKnownFileType = sourcecode.swift; path = LoginResponse.swift; sourceTree = "<group>"; };
		119AB64D269FA1F400A976EB /* ListStoryboard.storyboard */ = {isa = PBXFileReference; lastKnownFileType = file.storyboard; path = ListStoryboard.storyboard; sourceTree = "<group>"; };
		119AB64F269FA5A000A976EB /* ContactsTableViewCell.swift */ = {isa = PBXFileReference; lastKnownFileType = sourcecode.swift; path = ContactsTableViewCell.swift; sourceTree = "<group>"; };
		119AB652269FA6F500A976EB /* ContactsTableViewController.swift */ = {isa = PBXFileReference; lastKnownFileType = sourcecode.swift; path = ContactsTableViewController.swift; sourceTree = "<group>"; };
		119AB654269FAC9A00A976EB /* ContacsResponse.swift */ = {isa = PBXFileReference; lastKnownFileType = sourcecode.swift; path = ContacsResponse.swift; sourceTree = "<group>"; };
		119AB656269FB39E00A976EB /* AutenticatorManager.swift */ = {isa = PBXFileReference; lastKnownFileType = sourcecode.swift; path = AutenticatorManager.swift; sourceTree = "<group>"; };
		119AB658269FBB9700A976EB /* DateHelper.swift */ = {isa = PBXFileReference; lastKnownFileType = sourcecode.swift; path = DateHelper.swift; sourceTree = "<group>"; };
/* End PBXFileReference section */

/* Begin PBXFrameworksBuildPhase section */
		119AB616269F7A1000A976EB /* Frameworks */ = {
			isa = PBXFrameworksBuildPhase;
			buildActionMask = 2147483647;
			files = (
			);
			runOnlyForDeploymentPostprocessing = 0;
		};
/* End PBXFrameworksBuildPhase section */

/* Begin PBXGroup section */
		119AB610269F7A1000A976EB = {
			isa = PBXGroup;
			children = (
				119AB61B269F7A1000A976EB /* PruebaTecnica */,
				119AB61A269F7A1000A976EB /* Products */,
			);
			sourceTree = "<group>";
		};
		119AB61A269F7A1000A976EB /* Products */ = {
			isa = PBXGroup;
			children = (
				119AB619269F7A1000A976EB /* PruebaTecnica.app */,
			);
			name = Products;
			sourceTree = "<group>";
		};
		119AB61B269F7A1000A976EB /* PruebaTecnica */ = {
			isa = PBXGroup;
			children = (
				119AB651269FA63500A976EB /* Controllers */,
				119AB64C269FA0DC00A976EB /* Views */,
				119AB63B269F843B00A976EB /* Network */,
				119AB638269F835600A976EB /* Model */,
				119AB630269F7AFE00A976EB /* Helpers */,
				119AB61C269F7A1000A976EB /* AppDelegate.swift */,
				119AB61E269F7A1000A976EB /* SceneDelegate.swift */,
				119AB625269F7A1200A976EB /* Assets.xcassets */,
				119AB627269F7A1200A976EB /* LaunchScreen.storyboard */,
				119AB62A269F7A1200A976EB /* Info.plist */,
			);
			path = PruebaTecnica;
			sourceTree = "<group>";
		};
		119AB630269F7AFE00A976EB /* Helpers */ = {
			isa = PBXGroup;
			children = (
				119AB646269F8D5900A976EB /* KeyChainService.swift */,
				119AB631269F7B1300A976EB /* BorderTextField.swift */,
				119AB634269F7C6A00A976EB /* BorderButton.swift */,
				119AB636269F7CE000A976EB /* UIViewControllerExtension.swift */,
				119AB648269F901800A976EB /* md5ViewModel.swift */,
				119AB658269FBB9700A976EB /* DateHelper.swift */,
			);
			path = Helpers;
			sourceTree = "<group>";
		};
		119AB638269F835600A976EB /* Model */ = {
			isa = PBXGroup;
			children = (
				119AB639269F83D300A976EB /* GetChallengeResult.swift */,
				119AB64A269F9F9B00A976EB /* LoginResponse.swift */,
				119AB654269FAC9A00A976EB /* ContacsResponse.swift */,
			);
			path = Model;
			sourceTree = "<group>";
		};
		119AB63B269F843B00A976EB /* Network */ = {
			isa = PBXGroup;
			children = (
				119AB63C269F845200A976EB /* DataLoader.swift */,
				119AB63E269F851E00A976EB /* Resquetable.swift */,
				119AB640269F859D00A976EB /* Endpoint.swift */,
				119AB642269F876C00A976EB /* Services.swift */,
				119AB644269F882800A976EB /* NetworkReachability.swift */,
				119AB656269FB39E00A976EB /* AutenticatorManager.swift */,
			);
			path = Network;
			sourceTree = "<group>";
		};
		119AB64C269FA0DC00A976EB /* Views */ = {
			isa = PBXGroup;
			children = (
				119AB622269F7A1000A976EB /* Main.storyboard */,
				119AB64D269FA1F400A976EB /* ListStoryboard.storyboard */,
				119AB64F269FA5A000A976EB /* ContactsTableViewCell.swift */,
			);
			path = Views;
			sourceTree = "<group>";
		};
		119AB651269FA63500A976EB /* Controllers */ = {
			isa = PBXGroup;
			children = (
				119AB620269F7A1000A976EB /* ViewController.swift */,
				119AB652269FA6F500A976EB /* ContactsTableViewController.swift */,
			);
			path = Controllers;
			sourceTree = "<group>";
		};
/* End PBXGroup section */

/* Begin PBXNativeTarget section */
		119AB618269F7A1000A976EB /* PruebaTecnica */ = {
			isa = PBXNativeTarget;
			buildConfigurationList = 119AB62D269F7A1200A976EB /* Build configuration list for PBXNativeTarget "PruebaTecnica" */;
			buildPhases = (
				119AB615269F7A1000A976EB /* Sources */,
				119AB616269F7A1000A976EB /* Frameworks */,
				119AB617269F7A1000A976EB /* Resources */,
			);
			buildRules = (
			);
			dependencies = (
			);
			name = PruebaTecnica;
			productName = PruebaTecnica;
			productReference = 119AB619269F7A1000A976EB /* PruebaTecnica.app */;
			productType = "com.apple.product-type.application";
		};
/* End PBXNativeTarget section */

/* Begin PBXProject section */
		119AB611269F7A1000A976EB /* Project object */ = {
			isa = PBXProject;
			attributes = {
				LastSwiftUpdateCheck = 1250;
				LastUpgradeCheck = 1250;
				TargetAttributes = {
					119AB618269F7A1000A976EB = {
						CreatedOnToolsVersion = 12.5.1;
					};
				};
			};
			buildConfigurationList = 119AB614269F7A1000A976EB /* Build configuration list for PBXProject "PruebaTecnica" */;
			compatibilityVersion = "Xcode 9.3";
			developmentRegion = en;
			hasScannedForEncodings = 0;
			knownRegions = (
				en,
				Base,
			);
			mainGroup = 119AB610269F7A1000A976EB;
			productRefGroup = 119AB61A269F7A1000A976EB /* Products */;
			projectDirPath = "";
			projectRoot = "";
			targets = (
				119AB618269F7A1000A976EB /* PruebaTecnica */,
			);
		};
/* End PBXProject section */

/* Begin PBXResourcesBuildPhase section */
		119AB617269F7A1000A976EB /* Resources */ = {
			isa = PBXResourcesBuildPhase;
			buildActionMask = 2147483647;
			files = (
				119AB629269F7A1200A976EB /* LaunchScreen.storyboard in Resources */,
				119AB64E269FA1F400A976EB /* ListStoryboard.storyboard in Resources */,
				119AB626269F7A1200A976EB /* Assets.xcassets in Resources */,
				119AB624269F7A1000A976EB /* Main.storyboard in Resources */,
			);
			runOnlyForDeploymentPostprocessing = 0;
		};
/* End PBXResourcesBuildPhase section */

/* Begin PBXSourcesBuildPhase section */
		119AB615269F7A1000A976EB /* Sources */ = {
			isa = PBXSourcesBuildPhase;
			buildActionMask = 2147483647;
			files = (
				119AB621269F7A1000A976EB /* ViewController.swift in Sources */,
				119AB647269F8D5900A976EB /* KeyChainService.swift in Sources */,
				119AB655269FAC9A00A976EB /* ContacsResponse.swift in Sources */,
				119AB61D269F7A1000A976EB /* AppDelegate.swift in Sources */,
				119AB637269F7CE000A976EB /* UIViewControllerExtension.swift in Sources */,
				119AB659269FBB9700A976EB /* DateHelper.swift in Sources */,
				119AB61F269F7A1000A976EB /* SceneDelegate.swift in Sources */,
				119AB641269F859D00A976EB /* Endpoint.swift in Sources */,
				119AB63F269F851E00A976EB /* Resquetable.swift in Sources */,
				119AB63A269F83D300A976EB /* GetChallengeResult.swift in Sources */,
				119AB650269FA5A000A976EB /* ContactsTableViewCell.swift in Sources */,
				119AB635269F7C6A00A976EB /* BorderButton.swift in Sources */,
				119AB643269F876C00A976EB /* Services.swift in Sources */,
				119AB653269FA6F500A976EB /* ContactsTableViewController.swift in Sources */,
				119AB633269F7B1300A976EB /* BorderTextField.swift in Sources */,
				119AB657269FB39E00A976EB /* AutenticatorManager.swift in Sources */,
				119AB645269F882800A976EB /* NetworkReachability.swift in Sources */,
				119AB63D269F845200A976EB /* DataLoader.swift in Sources */,
				119AB649269F901800A976EB /* md5ViewModel.swift in Sources */,
				119AB64B269F9F9B00A976EB /* LoginResponse.swift in Sources */,
			);
			runOnlyForDeploymentPostprocessing = 0;
		};
/* End PBXSourcesBuildPhase section */

/* Begin PBXVariantGroup section */
		119AB622269F7A1000A976EB /* Main.storyboard */ = {
			isa = PBXVariantGroup;
			children = (
				119AB623269F7A1000A976EB /* Base */,
			);
			name = Main.storyboard;
			sourceTree = "<group>";
		};
		119AB627269F7A1200A976EB /* LaunchScreen.storyboard */ = {
			isa = PBXVariantGroup;
			children = (
				119AB628269F7A1200A976EB /* Base */,
			);
			name = LaunchScreen.storyboard;
			sourceTree = "<group>";
		};
		119AB631269F7B1300A976EB /* BorderTextField.swift */ = {
			isa = PBXVariantGroup;
			children = (
				119AB632269F7B1300A976EB /* Base */,
			);
			name = BorderTextField.swift;
			sourceTree = "<group>";
		};
/* End PBXVariantGroup section */

/* Begin XCBuildConfiguration section */
		119AB62B269F7A1200A976EB /* Debug */ = {
			isa = XCBuildConfiguration;
			buildSettings = {
				ALWAYS_SEARCH_USER_PATHS = NO;
				CLANG_ANALYZER_NONNULL = YES;
				CLANG_ANALYZER_NUMBER_OBJECT_CONVERSION = YES_AGGRESSIVE;
				CLANG_CXX_LANGUAGE_STANDARD = "gnu++14";
				CLANG_CXX_LIBRARY = "libc++";
				CLANG_ENABLE_MODULES = YES;
				CLANG_ENABLE_OBJC_ARC = YES;
				CLANG_ENABLE_OBJC_WEAK = YES;
				CLANG_WARN_BLOCK_CAPTURE_AUTORELEASING = YES;
				CLANG_WARN_BOOL_CONVERSION = YES;
				CLANG_WARN_COMMA = YES;
				CLANG_WARN_CONSTANT_CONVERSION = YES;
				CLANG_WARN_DEPRECATED_OBJC_IMPLEMENTATIONS = YES;
				CLANG_WARN_DIRECT_OBJC_ISA_USAGE = YES_ERROR;
				CLANG_WARN_DOCUMENTATION_COMMENTS = YES;
				CLANG_WARN_EMPTY_BODY = YES;
				CLANG_WARN_ENUM_CONVERSION = YES;
				CLANG_WARN_INFINITE_RECURSION = YES;
				CLANG_WARN_INT_CONVERSION = YES;
				CLANG_WARN_NON_LITERAL_NULL_CONVERSION = YES;
				CLANG_WARN_OBJC_IMPLICIT_RETAIN_SELF = YES;
				CLANG_WARN_OBJC_LITERAL_CONVERSION = YES;
				CLANG_WARN_OBJC_ROOT_CLASS = YES_ERROR;
				CLANG_WARN_QUOTED_INCLUDE_IN_FRAMEWORK_HEADER = YES;
				CLANG_WARN_RANGE_LOOP_ANALYSIS = YES;
				CLANG_WARN_STRICT_PROTOTYPES = YES;
				CLANG_WARN_SUSPICIOUS_MOVE = YES;
				CLANG_WARN_UNGUARDED_AVAILABILITY = YES_AGGRESSIVE;
				CLANG_WARN_UNREACHABLE_CODE = YES;
				CLANG_WARN__DUPLICATE_METHOD_MATCH = YES;
				COPY_PHASE_STRIP = NO;
				DEBUG_INFORMATION_FORMAT = dwarf;
				ENABLE_STRICT_OBJC_MSGSEND = YES;
				ENABLE_TESTABILITY = YES;
				GCC_C_LANGUAGE_STANDARD = gnu11;
				GCC_DYNAMIC_NO_PIC = NO;
				GCC_NO_COMMON_BLOCKS = YES;
				GCC_OPTIMIZATION_LEVEL = 0;
				GCC_PREPROCESSOR_DEFINITIONS = (
					"DEBUG=1",
					"$(inherited)",
				);
				GCC_WARN_64_TO_32_BIT_CONVERSION = YES;
				GCC_WARN_ABOUT_RETURN_TYPE = YES_ERROR;
				GCC_WARN_UNDECLARED_SELECTOR = YES;
				GCC_WARN_UNINITIALIZED_AUTOS = YES_AGGRESSIVE;
				GCC_WARN_UNUSED_FUNCTION = YES;
				GCC_WARN_UNUSED_VARIABLE = YES;
				IPHONEOS_DEPLOYMENT_TARGET = 14.5;
				MTL_ENABLE_DEBUG_INFO = INCLUDE_SOURCE;
				MTL_FAST_MATH = YES;
				ONLY_ACTIVE_ARCH = YES;
				SDKROOT = iphoneos;
				SWIFT_ACTIVE_COMPILATION_CONDITIONS = DEBUG;
				SWIFT_OPTIMIZATION_LEVEL = "-Onone";
			};
			name = Debug;
		};
		119AB62C269F7A1200A976EB /* Release */ = {
			isa = XCBuildConfiguration;
			buildSettings = {
				ALWAYS_SEARCH_USER_PATHS = NO;
				CLANG_ANALYZER_NONNULL = YES;
				CLANG_ANALYZER_NUMBER_OBJECT_CONVERSION = YES_AGGRESSIVE;
				CLANG_CXX_LANGUAGE_STANDARD = "gnu++14";
				CLANG_CXX_LIBRARY = "libc++";
				CLANG_ENABLE_MODULES = YES;
				CLANG_ENABLE_OBJC_ARC = YES;
				CLANG_ENABLE_OBJC_WEAK = YES;
				CLANG_WARN_BLOCK_CAPTURE_AUTORELEASING = YES;
				CLANG_WARN_BOOL_CONVERSION = YES;
				CLANG_WARN_COMMA = YES;
				CLANG_WARN_CONSTANT_CONVERSION = YES;
				CLANG_WARN_DEPRECATED_OBJC_IMPLEMENTATIONS = YES;
				CLANG_WARN_DIRECT_OBJC_ISA_USAGE = YES_ERROR;
				CLANG_WARN_DOCUMENTATION_COMMENTS = YES;
				CLANG_WARN_EMPTY_BODY = YES;
				CLANG_WARN_ENUM_CONVERSION = YES;
				CLANG_WARN_INFINITE_RECURSION = YES;
				CLANG_WARN_INT_CONVERSION = YES;
				CLANG_WARN_NON_LITERAL_NULL_CONVERSION = YES;
				CLANG_WARN_OBJC_IMPLICIT_RETAIN_SELF = YES;
				CLANG_WARN_OBJC_LITERAL_CONVERSION = YES;
				CLANG_WARN_OBJC_ROOT_CLASS = YES_ERROR;
				CLANG_WARN_QUOTED_INCLUDE_IN_FRAMEWORK_HEADER = YES;
				CLANG_WARN_RANGE_LOOP_ANALYSIS = YES;
				CLANG_WARN_STRICT_PROTOTYPES = YES;
				CLANG_WARN_SUSPICIOUS_MOVE = YES;
				CLANG_WARN_UNGUARDED_AVAILABILITY = YES_AGGRESSIVE;
				CLANG_WARN_UNREACHABLE_CODE = YES;
				CLANG_WARN__DUPLICATE_METHOD_MATCH = YES;
				COPY_PHASE_STRIP = NO;
				DEBUG_INFORMATION_FORMAT = "dwarf-with-dsym";
				ENABLE_NS_ASSERTIONS = NO;
				ENABLE_STRICT_OBJC_MSGSEND = YES;
				GCC_C_LANGUAGE_STANDARD = gnu11;
				GCC_NO_COMMON_BLOCKS = YES;
				GCC_WARN_64_TO_32_BIT_CONVERSION = YES;
				GCC_WARN_ABOUT_RETURN_TYPE = YES_ERROR;
				GCC_WARN_UNDECLARED_SELECTOR = YES;
				GCC_WARN_UNINITIALIZED_AUTOS = YES_AGGRESSIVE;
				GCC_WARN_UNUSED_FUNCTION = YES;
				GCC_WARN_UNUSED_VARIABLE = YES;
				IPHONEOS_DEPLOYMENT_TARGET = 14.5;
				MTL_ENABLE_DEBUG_INFO = NO;
				MTL_FAST_MATH = YES;
				SDKROOT = iphoneos;
				SWIFT_COMPILATION_MODE = wholemodule;
				SWIFT_OPTIMIZATION_LEVEL = "-O";
				VALIDATE_PRODUCT = YES;
			};
			name = Release;
		};
		119AB62E269F7A1200A976EB /* Debug */ = {
			isa = XCBuildConfiguration;
			buildSettings = {
				ASSETCATALOG_COMPILER_APPICON_NAME = AppIcon;
				ASSETCATALOG_COMPILER_GLOBAL_ACCENT_COLOR_NAME = AccentColor;
				CODE_SIGN_STYLE = Automatic;
				DEVELOPMENT_TEAM = 425PPMA85P;
				INFOPLIST_FILE = PruebaTecnica/Info.plist;
				LD_RUNPATH_SEARCH_PATHS = (
					"$(inherited)",
					"@executable_path/Frameworks",
				);
				PRODUCT_BUNDLE_IDENTIFIER = com.kjoe.PT;
				PRODUCT_NAME = "$(TARGET_NAME)";
				SWIFT_VERSION = 5.0;
				TARGETED_DEVICE_FAMILY = "1,2";
			};
			name = Debug;
		};
		119AB62F269F7A1200A976EB /* Release */ = {
			isa = XCBuildConfiguration;
			buildSettings = {
				ASSETCATALOG_COMPILER_APPICON_NAME = AppIcon;
				ASSETCATALOG_COMPILER_GLOBAL_ACCENT_COLOR_NAME = AccentColor;
				CODE_SIGN_STYLE = Automatic;
				DEVELOPMENT_TEAM = 425PPMA85P;
				INFOPLIST_FILE = PruebaTecnica/Info.plist;
				LD_RUNPATH_SEARCH_PATHS = (
					"$(inherited)",
					"@executable_path/Frameworks",
				);
				PRODUCT_BUNDLE_IDENTIFIER = com.kjoe.PT;
				PRODUCT_NAME = "$(TARGET_NAME)";
				SWIFT_VERSION = 5.0;
				TARGETED_DEVICE_FAMILY = "1,2";
			};
			name = Release;
		};
/* End XCBuildConfiguration section */

/* Begin XCConfigurationList section */
		119AB614269F7A1000A976EB /* Build configuration list for PBXProject "PruebaTecnica" */ = {
			isa = XCConfigurationList;
			buildConfigurations = (
				119AB62B269F7A1200A976EB /* Debug */,
				119AB62C269F7A1200A976EB /* Release */,
			);
			defaultConfigurationIsVisible = 0;
			defaultConfigurationName = Release;
		};
		119AB62D269F7A1200A976EB /* Build configuration list for PBXNativeTarget "PruebaTecnica" */ = {
			isa = XCConfigurationList;
			buildConfigurations = (
				119AB62E269F7A1200A976EB /* Debug */,
				119AB62F269F7A1200A976EB /* Release */,
			);
			defaultConfigurationIsVisible = 0;
			defaultConfigurationName = Release;
		};
/* End XCConfigurationList section */
	};
	rootObject = 119AB611269F7A1000A976EB /* Project object */;
}
